
Microsoft Visual Studio Solution File, Format Version 12.00
# Visual Studio Version 16
VisualStudioVersion = 16.0.31105.61
MinimumVisualStudioVersion = 10.0.40219.1
Project("{9A19103F-16F7-4668-BE54-9A1E7A4F7556}") = "RestAPIApplication", "RestAPIApplication\RestAPIApplication.csproj", "{D377984F-C6D3-4220-A827-3A70427089B1}"
EndProject
Project("{FAE04EC0-301F-11D3-BF4B-00C04F79EFBC}") = "RestAPIUniTest", "RestAPIUniTest\RestAPIUniTest.csproj", "{B8E9B30B-085F-4D6E-BA23-79076168290B}"
EndProject
Global
	GlobalSection(SolutionConfigurationPlatforms) = preSolution
		Debug|Any CPU = Debug|Any CPU
		Release|Any CPU = Release|Any CPU
	EndGlobalSection
	GlobalSection(ProjectConfigurationPlatforms) = postSolution
		{D377984F-C6D3-4220-A827-3A70427089B1}.Debug|Any CPU.ActiveCfg = Debug|Any CPU
		{D377984F-C6D3-4220-A827-3A70427089B1}.Debug|Any CPU.Build.0 = Debug|Any CPU
		{D377984F-C6D3-4220-A827-3A70427089B1}.Release|Any CPU.ActiveCfg = Release|Any CPU
		{D377984F-C6D3-4220-A827-3A70427089B1}.Release|Any CPU.Build.0 = Release|Any CPU
		{B8E9B30B-085F-4D6E-BA23-79076168290B}.Debug|Any CPU.ActiveCfg = Debug|Any CPU
		{B8E9B30B-085F-4D6E-BA23-79076168290B}.Debug|Any CPU.Build.0 = Debug|Any CPU
		{B8E9B30B-085F-4D6E-BA23-79076168290B}.Release|Any CPU.ActiveCfg = Release|Any CPU
		{B8E9B30B-085F-4D6E-BA23-79076168290B}.Release|Any CPU.Build.0 = Release|Any CPU
	EndGlobalSection
	GlobalSection(SolutionProperties) = preSolution
		HideSolutionNode = FALSE
	EndGlobalSection
	GlobalSection(ExtensibilityGlobals) = postSolution
		SolutionGuid = {CF416C71-7572-4226-9967-A9A6D68DD71A}
	EndGlobalSection
EndGlobal
